
Microsoft Visual Studio Solution File, Format Version 12.00
Project("{2150E333-8FDC-42A3-9474-1A3956D46DE8}") = "src", "src", "{21D85A91-5BB8-4912-8107-49435A461AAC}"
EndProject
Project("{2150E333-8FDC-42A3-9474-1A3956D46DE8}") = "test", "test", "{DBC47323-E6A2-42A2-A624-CE2EE6139567}"
EndProject
Project("{2150E333-8FDC-42A3-9474-1A3956D46DE8}") = "contract", "contract", "{5C980166-C987-470D-AEE0-3858A170A903}"
	ProjectSection(SolutionItems) = preProject
		contract\Directory.Build.props = contract\Directory.Build.props
	EndProjectSection
EndProject
Project("{FAE04EC0-301F-11D3-BF4B-00C04F79EFBC}") = "AElf.ConsensusPlayground.Launcher", "src\AElf.ConsensusPlayground.Launcher\AElf.ConsensusPlayground.Launcher.csproj", "{D4D34CF5-49F5-43B9-B596-C83A41B32BB2}"
EndProject
Global
	GlobalSection(SolutionConfigurationPlatforms) = preSolution
		Debug|Any CPU = Debug|Any CPU
		Release|Any CPU = Release|Any CPU
	EndGlobalSection
	GlobalSection(ProjectConfigurationPlatforms) = postSolution
		{D4D34CF5-49F5-43B9-B596-C83A41B32BB2}.Debug|Any CPU.ActiveCfg = Debug|Any CPU
		{D4D34CF5-49F5-43B9-B596-C83A41B32BB2}.Debug|Any CPU.Build.0 = Debug|Any CPU
		{D4D34CF5-49F5-43B9-B596-C83A41B32BB2}.Release|Any CPU.ActiveCfg = Release|Any CPU
		{D4D34CF5-49F5-43B9-B596-C83A41B32BB2}.Release|Any CPU.Build.0 = Release|Any CPU
	EndGlobalSection
	GlobalSection(NestedProjects) = preSolution
		{D4D34CF5-49F5-43B9-B596-C83A41B32BB2} = {21D85A91-5BB8-4912-8107-49435A461AAC}
	EndGlobalSection
EndGlobal
